
Microsoft Visual Studio Solution File, Format Version 12.00
# Visual Studio 15
VisualStudioVersion = 15.0.27703.2042
MinimumVisualStudioVersion = 10.0.40219.1
Project("{9A19103F-16F7-4668-BE54-9A1E7A4F7556}") = "MvcCoreSample", "MvcCoreSample\MvcCoreSample.csproj", "{00349EFD-B276-46C0-B734-1ED6CC52FB90}"
EndProject
Project("{9A19103F-16F7-4668-BE54-9A1E7A4F7556}") = "MvcCoreSample.DomainClasses", "MvcCoreSample.DomainClasses\MvcCoreSample.DomainClasses.csproj", "{6A1AEBE7-094D-4C22-ABE1-32ABAD990077}"
EndProject
Project("{9A19103F-16F7-4668-BE54-9A1E7A4F7556}") = "MvcCoreSample.DataLayer", "MvcCoreSample.DataLayer\MvcCoreSample.DataLayer.csproj", "{8CE22945-E37E-46FB-B437-B9E452B8C733}"
EndProject
Project("{9A19103F-16F7-4668-BE54-9A1E7A4F7556}") = "MvcCoreSample.Services", "MvcCoreSample.Services\MvcCoreSample.Services.csproj", "{E13E32DA-83FC-42D7-BEF2-28969DBA9BF8}"
EndProject
Project("{9A19103F-16F7-4668-BE54-9A1E7A4F7556}") = "MvcCoreSample.Extensibility.Common", "MvcCoreSample.Extensibility.Common\MvcCoreSample.Extensibility.Common.csproj", "{E5401EEF-8A7A-4158-A0B5-CB75B3F9BC18}"
EndProject
Project("{2150E333-8FDC-42A3-9474-1A3956D46DE8}") = "Modules", "Modules", "{26723D3D-7682-4528-A1A2-CCBE8C490117}"
EndProject
Project("{9A19103F-16F7-4668-BE54-9A1E7A4F7556}") = "MvcCoreSample.Extensibility.TheChapel", "MvcCoreSample.Extensibility.TheChapel\MvcCoreSample.Extensibility.TheChapel.csproj", "{04DAE7BF-3241-4686-A5C7-D31CE353AFCF}"
EndProject
Project("{FAE04EC0-301F-11D3-BF4B-00C04F79EFBC}") = "MvcCoreSample.Providers", "MvcCoreSample.Providers\MvcCoreSample.Providers.csproj", "{CF114B02-4067-4BEF-8686-4D876B780AC6}"
EndProject
Global
	GlobalSection(SolutionConfigurationPlatforms) = preSolution
		Debug|Any CPU = Debug|Any CPU
		Release|Any CPU = Release|Any CPU
	EndGlobalSection
	GlobalSection(ProjectConfigurationPlatforms) = postSolution
		{00349EFD-B276-46C0-B734-1ED6CC52FB90}.Debug|Any CPU.ActiveCfg = Debug|Any CPU
		{00349EFD-B276-46C0-B734-1ED6CC52FB90}.Debug|Any CPU.Build.0 = Debug|Any CPU
		{00349EFD-B276-46C0-B734-1ED6CC52FB90}.Release|Any CPU.ActiveCfg = Release|Any CPU
		{00349EFD-B276-46C0-B734-1ED6CC52FB90}.Release|Any CPU.Build.0 = Release|Any CPU
		{6A1AEBE7-094D-4C22-ABE1-32ABAD990077}.Debug|Any CPU.ActiveCfg = Debug|Any CPU
		{6A1AEBE7-094D-4C22-ABE1-32ABAD990077}.Debug|Any CPU.Build.0 = Debug|Any CPU
		{6A1AEBE7-094D-4C22-ABE1-32ABAD990077}.Release|Any CPU.ActiveCfg = Release|Any CPU
		{6A1AEBE7-094D-4C22-ABE1-32ABAD990077}.Release|Any CPU.Build.0 = Release|Any CPU
		{8CE22945-E37E-46FB-B437-B9E452B8C733}.Debug|Any CPU.ActiveCfg = Debug|Any CPU
		{8CE22945-E37E-46FB-B437-B9E452B8C733}.Debug|Any CPU.Build.0 = Debug|Any CPU
		{8CE22945-E37E-46FB-B437-B9E452B8C733}.Release|Any CPU.ActiveCfg = Release|Any CPU
		{8CE22945-E37E-46FB-B437-B9E452B8C733}.Release|Any CPU.Build.0 = Release|Any CPU
		{E13E32DA-83FC-42D7-BEF2-28969DBA9BF8}.Debug|Any CPU.ActiveCfg = Debug|Any CPU
		{E13E32DA-83FC-42D7-BEF2-28969DBA9BF8}.Debug|Any CPU.Build.0 = Debug|Any CPU
		{E13E32DA-83FC-42D7-BEF2-28969DBA9BF8}.Release|Any CPU.ActiveCfg = Release|Any CPU
		{E13E32DA-83FC-42D7-BEF2-28969DBA9BF8}.Release|Any CPU.Build.0 = Release|Any CPU
		{E5401EEF-8A7A-4158-A0B5-CB75B3F9BC18}.Debug|Any CPU.ActiveCfg = Debug|Any CPU
		{E5401EEF-8A7A-4158-A0B5-CB75B3F9BC18}.Debug|Any CPU.Build.0 = Debug|Any CPU
		{E5401EEF-8A7A-4158-A0B5-CB75B3F9BC18}.Release|Any CPU.ActiveCfg = Release|Any CPU
		{E5401EEF-8A7A-4158-A0B5-CB75B3F9BC18}.Release|Any CPU.Build.0 = Release|Any CPU
		{04DAE7BF-3241-4686-A5C7-D31CE353AFCF}.Debug|Any CPU.ActiveCfg = Debug|Any CPU
		{04DAE7BF-3241-4686-A5C7-D31CE353AFCF}.Debug|Any CPU.Build.0 = Debug|Any CPU
		{04DAE7BF-3241-4686-A5C7-D31CE353AFCF}.Release|Any CPU.ActiveCfg = Release|Any CPU
		{04DAE7BF-3241-4686-A5C7-D31CE353AFCF}.Release|Any CPU.Build.0 = Release|Any CPU
		{CF114B02-4067-4BEF-8686-4D876B780AC6}.Debug|Any CPU.ActiveCfg = Debug|Any CPU
		{CF114B02-4067-4BEF-8686-4D876B780AC6}.Debug|Any CPU.Build.0 = Debug|Any CPU
		{CF114B02-4067-4BEF-8686-4D876B780AC6}.Release|Any CPU.ActiveCfg = Release|Any CPU
		{CF114B02-4067-4BEF-8686-4D876B780AC6}.Release|Any CPU.Build.0 = Release|Any CPU
	EndGlobalSection
	GlobalSection(SolutionProperties) = preSolution
		HideSolutionNode = FALSE
	EndGlobalSection
	GlobalSection(NestedProjects) = preSolution
		{04DAE7BF-3241-4686-A5C7-D31CE353AFCF} = {26723D3D-7682-4528-A1A2-CCBE8C490117}
	EndGlobalSection
	GlobalSection(ExtensibilityGlobals) = postSolution
		SolutionGuid = {9A159F6B-27EC-4CE7-96E2-904FA205DBB3}
	EndGlobalSection
EndGlobal
